
Microsoft Visual Studio Solution File, Format Version 12.00
# Visual Studio Version 17
VisualStudioVersion = 17.7.34202.233
MinimumVisualStudioVersion = 10.0.40219.1
Project("{FAE04EC0-301F-11D3-BF4B-00C04F79EFBC}") = "213181 log in", "213181 log in\213181 log in.csproj", "{DA03AAA7-A51E-488E-8E73-2AE6239061CC}"
EndProject
Global
	GlobalSection(SolutionConfigurationPlatforms) = preSolution
		Debug|Any CPU = Debug|Any CPU
		Release|Any CPU = Release|Any CPU
	EndGlobalSection
	GlobalSection(ProjectConfigurationPlatforms) = postSolution
		{DA03AAA7-A51E-488E-8E73-2AE6239061CC}.Debug|Any CPU.ActiveCfg = Debug|Any CPU
		{DA03AAA7-A51E-488E-8E73-2AE6239061CC}.Debug|Any CPU.Build.0 = Debug|Any CPU
		{DA03AAA7-A51E-488E-8E73-2AE6239061CC}.Release|Any CPU.ActiveCfg = Release|Any CPU
		{DA03AAA7-A51E-488E-8E73-2AE6239061CC}.Release|Any CPU.Build.0 = Release|Any CPU
	EndGlobalSection
	GlobalSection(SolutionProperties) = preSolution
		HideSolutionNode = FALSE
	EndGlobalSection
	GlobalSection(ExtensibilityGlobals) = postSolution
		SolutionGuid = {83DC15A8-770E-4F28-879D-A9A7E45CFED1}
	EndGlobalSection
EndGlobal
